
Microsoft Visual Studio Solution File, Format Version 12.00
# Visual Studio Version 16
VisualStudioVersion = 16.0.31313.79
MinimumVisualStudioVersion = 10.0.40219.1
Project("{8BC9CEB8-8B4A-11D0-8D11-00A0C91BC942}") = "cpp_review09", "cpp_review09\cpp_review09.vcxproj", "{586204B5-95FC-4F8F-81E5-3162C2510442}"
EndProject
Project("{8BC9CEB8-8B4A-11D0-8D11-00A0C91BC942}") = "cpp_review03", "cpp_review03\cpp_review03.vcxproj", "{80486D5B-9BCC-46B0-AAF2-8EF135A92438}"
EndProject
Project("{8BC9CEB8-8B4A-11D0-8D11-00A0C91BC942}") = "cpp_review02", "cpp_review02\cpp_review.vcxproj", "{F1971707-45B1-40A1-8DD1-F276C541B1F1}"
EndProject
Project("{8BC9CEB8-8B4A-11D0-8D11-00A0C91BC942}") = "cpp_review04", "cpp_review04\cpp_review04.vcxproj", "{59C89A3E-B0E8-4670-8BE0-167F343D9222}"
EndProject
Project("{8BC9CEB8-8B4A-11D0-8D11-00A0C91BC942}") = "cpp_review05", "cpp_review05\cpp_review05.vcxproj", "{0746A303-CAA8-4F16-B705-E39CD7AFA523}"
EndProject
Project("{8BC9CEB8-8B4A-11D0-8D11-00A0C91BC942}") = "cpp_review06", "cpp_review06\cpp_review06.vcxproj", "{C9753D12-016A-4ACC-B965-B07DDAEB9449}"
EndProject
Project("{8BC9CEB8-8B4A-11D0-8D11-00A0C91BC942}") = "cpp_review07", "cpp_review07\cpp_review07.vcxproj", "{DCA3D454-6790-4EB1-A0E9-31CEFF995FE0}"
EndProject
Project("{8BC9CEB8-8B4A-11D0-8D11-00A0C91BC942}") = "cpp_review08", "cpp_review08\cpp_review08.vcxproj", "{655F13C7-2A23-4AF4-B13C-DE8BD2447091}"
EndProject
Project("{8BC9CEB8-8B4A-11D0-8D11-00A0C91BC942}") = "cpp_review10", "cpp_review10\cpp_review10.vcxproj", "{BE5E7476-ADF5-48BE-B7BD-CF6CDFEDEC99}"
EndProject
Project("{8BC9CEB8-8B4A-11D0-8D11-00A0C91BC942}") = "cpp_review11", "cpp_review11\cpp_review11.vcxproj", "{2CC259A1-15C2-4706-BB3C-FC0C1DCF95AC}"
EndProject
Project("{8BC9CEB8-8B4A-11D0-8D11-00A0C91BC942}") = "cpp_review11-3", "cpp_review11-3\cpp_review11-3.vcxproj", "{31B2C84A-DDDD-41BD-A599-FACB844B89AD}"
EndProject
Project("{8BC9CEB8-8B4A-11D0-8D11-00A0C91BC942}") = "cpp_review12", "cpp_review12\cpp_review12.vcxproj", "{79F2DCD2-36DB-420A-84DC-A18299A4BFA6}"
EndProject
Project("{8BC9CEB8-8B4A-11D0-8D11-00A0C91BC942}") = "cpp_review13", "cpp_review13\cpp_review13.vcxproj", "{B11B04E4-CF2D-4E82-938F-0CE52617323E}"
EndProject
Project("{8BC9CEB8-8B4A-11D0-8D11-00A0C91BC942}") = "code_review14", "code_review14\code_review14.vcxproj", "{2261774A-02EA-465D-B123-58250EF94130}"
EndProject
Project("{8BC9CEB8-8B4A-11D0-8D11-00A0C91BC942}") = "code_review15", "code_review15\code_review15.vcxproj", "{22D00164-94AD-471C-A8E8-E565EF138D80}"
EndProject
Project("{8BC9CEB8-8B4A-11D0-8D11-00A0C91BC942}") = "code_review01", "code_review01\code_review01.vcxproj", "{6F95623A-6E90-42B5-A6EA-425D6E1F71AD}"
EndProject
Global
	GlobalSection(SolutionConfigurationPlatforms) = preSolution
		Debug|x64 = Debug|x64
		Debug|x86 = Debug|x86
		Release|x64 = Release|x64
		Release|x86 = Release|x86
	EndGlobalSection
	GlobalSection(ProjectConfigurationPlatforms) = postSolution
		{586204B5-95FC-4F8F-81E5-3162C2510442}.Debug|x64.ActiveCfg = Debug|x64
		{586204B5-95FC-4F8F-81E5-3162C2510442}.Debug|x64.Build.0 = Debug|x64
		{586204B5-95FC-4F8F-81E5-3162C2510442}.Debug|x86.ActiveCfg = Debug|Win32
		{586204B5-95FC-4F8F-81E5-3162C2510442}.Debug|x86.Build.0 = Debug|Win32
		{586204B5-95FC-4F8F-81E5-3162C2510442}.Release|x64.ActiveCfg = Release|x64
		{586204B5-95FC-4F8F-81E5-3162C2510442}.Release|x64.Build.0 = Release|x64
		{586204B5-95FC-4F8F-81E5-3162C2510442}.Release|x86.ActiveCfg = Release|Win32
		{586204B5-95FC-4F8F-81E5-3162C2510442}.Release|x86.Build.0 = Release|Win32
		{80486D5B-9BCC-46B0-AAF2-8EF135A92438}.Debug|x64.ActiveCfg = Debug|x64
		{80486D5B-9BCC-46B0-AAF2-8EF135A92438}.Debug|x64.Build.0 = Debug|x64
		{80486D5B-9BCC-46B0-AAF2-8EF135A92438}.Debug|x86.ActiveCfg = Debug|Win32
		{80486D5B-9BCC-46B0-AAF2-8EF135A92438}.Debug|x86.Build.0 = Debug|Win32
		{80486D5B-9BCC-46B0-AAF2-8EF135A92438}.Release|x64.ActiveCfg = Release|x64
		{80486D5B-9BCC-46B0-AAF2-8EF135A92438}.Release|x64.Build.0 = Release|x64
		{80486D5B-9BCC-46B0-AAF2-8EF135A92438}.Release|x86.ActiveCfg = Release|Win32
		{80486D5B-9BCC-46B0-AAF2-8EF135A92438}.Release|x86.Build.0 = Release|Win32
		{F1971707-45B1-40A1-8DD1-F276C541B1F1}.Debug|x64.ActiveCfg = Debug|x64
		{F1971707-45B1-40A1-8DD1-F276C541B1F1}.Debug|x64.Build.0 = Debug|x64
		{F1971707-45B1-40A1-8DD1-F276C541B1F1}.Debug|x86.ActiveCfg = Debug|Win32
		{F1971707-45B1-40A1-8DD1-F276C541B1F1}.Debug|x86.Build.0 = Debug|Win32
		{F1971707-45B1-40A1-8DD1-F276C541B1F1}.Release|x64.ActiveCfg = Release|x64
		{F1971707-45B1-40A1-8DD1-F276C541B1F1}.Release|x64.Build.0 = Release|x64
		{F1971707-45B1-40A1-8DD1-F276C541B1F1}.Release|x86.ActiveCfg = Release|Win32
		{F1971707-45B1-40A1-8DD1-F276C541B1F1}.Release|x86.Build.0 = Release|Win32
		{59C89A3E-B0E8-4670-8BE0-167F343D9222}.Debug|x64.ActiveCfg = Debug|x64
		{59C89A3E-B0E8-4670-8BE0-167F343D9222}.Debug|x64.Build.0 = Debug|x64
		{59C89A3E-B0E8-4670-8BE0-167F343D9222}.Debug|x86.ActiveCfg = Debug|Win32
		{59C89A3E-B0E8-4670-8BE0-167F343D9222}.Debug|x86.Build.0 = Debug|Win32
		{59C89A3E-B0E8-4670-8BE0-167F343D9222}.Release|x64.ActiveCfg = Release|x64
		{59C89A3E-B0E8-4670-8BE0-167F343D9222}.Release|x64.Build.0 = Release|x64
		{59C89A3E-B0E8-4670-8BE0-167F343D9222}.Release|x86.ActiveCfg = Release|Win32
		{59C89A3E-B0E8-4670-8BE0-167F343D9222}.Release|x86.Build.0 = Release|Win32
		{0746A303-CAA8-4F16-B705-E39CD7AFA523}.Debug|x64.ActiveCfg = Debug|x64
		{0746A303-CAA8-4F16-B705-E39CD7AFA523}.Debug|x64.Build.0 = Debug|x64
		{0746A303-CAA8-4F16-B705-E39CD7AFA523}.Debug|x86.ActiveCfg = Debug|Win32
		{0746A303-CAA8-4F16-B705-E39CD7AFA523}.Debug|x86.Build.0 = Debug|Win32
		{0746A303-CAA8-4F16-B705-E39CD7AFA523}.Release|x64.ActiveCfg = Release|x64
		{0746A303-CAA8-4F16-B705-E39CD7AFA523}.Release|x64.Build.0 = Release|x64
		{0746A303-CAA8-4F16-B705-E39CD7AFA523}.Release|x86.ActiveCfg = Release|Win32
		{0746A303-CAA8-4F16-B705-E39CD7AFA523}.Release|x86.Build.0 = Release|Win32
		{C9753D12-016A-4ACC-B965-B07DDAEB9449}.Debug|x64.ActiveCfg = Debug|x64
		{C9753D12-016A-4ACC-B965-B07DDAEB9449}.Debug|x64.Build.0 = Debug|x64
		{C9753D12-016A-4ACC-B965-B07DDAEB9449}.Debug|x86.ActiveCfg = Debug|Win32
		{C9753D12-016A-4ACC-B965-B07DDAEB9449}.Debug|x86.Build.0 = Debug|Win32
		{C9753D12-016A-4ACC-B965-B07DDAEB9449}.Release|x64.ActiveCfg = Release|x64
		{C9753D12-016A-4ACC-B965-B07DDAEB9449}.Release|x64.Build.0 = Release|x64
		{C9753D12-016A-4ACC-B965-B07DDAEB9449}.Release|x86.ActiveCfg = Release|Win32
		{C9753D12-016A-4ACC-B965-B07DDAEB9449}.Release|x86.Build.0 = Release|Win32
		{DCA3D454-6790-4EB1-A0E9-31CEFF995FE0}.Debug|x64.ActiveCfg = Debug|x64
		{DCA3D454-6790-4EB1-A0E9-31CEFF995FE0}.Debug|x64.Build.0 = Debug|x64
		{DCA3D454-6790-4EB1-A0E9-31CEFF995FE0}.Debug|x86.ActiveCfg = Debug|Win32
		{DCA3D454-6790-4EB1-A0E9-31CEFF995FE0}.Debug|x86.Build.0 = Debug|Win32
		{DCA3D454-6790-4EB1-A0E9-31CEFF995FE0}.Release|x64.ActiveCfg = Release|x64
		{DCA3D454-6790-4EB1-A0E9-31CEFF995FE0}.Release|x64.Build.0 = Release|x64
		{DCA3D454-6790-4EB1-A0E9-31CEFF995FE0}.Release|x86.ActiveCfg = Release|Win32
		{DCA3D454-6790-4EB1-A0E9-31CEFF995FE0}.Release|x86.Build.0 = Release|Win32
		{655F13C7-2A23-4AF4-B13C-DE8BD2447091}.Debug|x64.ActiveCfg = Debug|x64
		{655F13C7-2A23-4AF4-B13C-DE8BD2447091}.Debug|x64.Build.0 = Debug|x64
		{655F13C7-2A23-4AF4-B13C-DE8BD2447091}.Debug|x86.ActiveCfg = Debug|Win32
		{655F13C7-2A23-4AF4-B13C-DE8BD2447091}.Debug|x86.Build.0 = Debug|Win32
		{655F13C7-2A23-4AF4-B13C-DE8BD2447091}.Release|x64.ActiveCfg = Release|x64
		{655F13C7-2A23-4AF4-B13C-DE8BD2447091}.Release|x64.Build.0 = Release|x64
		{655F13C7-2A23-4AF4-B13C-DE8BD2447091}.Release|x86.ActiveCfg = Release|Win32
		{655F13C7-2A23-4AF4-B13C-DE8BD2447091}.Release|x86.Build.0 = Release|Win32
		{BE5E7476-ADF5-48BE-B7BD-CF6CDFEDEC99}.Debug|x64.ActiveCfg = Debug|x64
		{BE5E7476-ADF5-48BE-B7BD-CF6CDFEDEC99}.Debug|x64.Build.0 = Debug|x64
		{BE5E7476-ADF5-48BE-B7BD-CF6CDFEDEC99}.Debug|x86.ActiveCfg = Debug|Win32
		{BE5E7476-ADF5-48BE-B7BD-CF6CDFEDEC99}.Debug|x86.Build.0 = Debug|Win32
		{BE5E7476-ADF5-48BE-B7BD-CF6CDFEDEC99}.Release|x64.ActiveCfg = Release|x64
		{BE5E7476-ADF5-48BE-B7BD-CF6CDFEDEC99}.Release|x64.Build.0 = Release|x64
		{BE5E7476-ADF5-48BE-B7BD-CF6CDFEDEC99}.Release|x86.ActiveCfg = Release|Win32
		{BE5E7476-ADF5-48BE-B7BD-CF6CDFEDEC99}.Release|x86.Build.0 = Release|Win32
		{2CC259A1-15C2-4706-BB3C-FC0C1DCF95AC}.Debug|x64.ActiveCfg = Debug|x64
		{2CC259A1-15C2-4706-BB3C-FC0C1DCF95AC}.Debug|x64.Build.0 = Debug|x64
		{2CC259A1-15C2-4706-BB3C-FC0C1DCF95AC}.Debug|x86.ActiveCfg = Debug|Win32
		{2CC259A1-15C2-4706-BB3C-FC0C1DCF95AC}.Debug|x86.Build.0 = Debug|Win32
		{2CC259A1-15C2-4706-BB3C-FC0C1DCF95AC}.Release|x64.ActiveCfg = Release|x64
		{2CC259A1-15C2-4706-BB3C-FC0C1DCF95AC}.Release|x64.Build.0 = Release|x64
		{2CC259A1-15C2-4706-BB3C-FC0C1DCF95AC}.Release|x86.ActiveCfg = Release|Win32
		{2CC259A1-15C2-4706-BB3C-FC0C1DCF95AC}.Release|x86.Build.0 = Release|Win32
		{31B2C84A-DDDD-41BD-A599-FACB844B89AD}.Debug|x64.ActiveCfg = Debug|x64
		{31B2C84A-DDDD-41BD-A599-FACB844B89AD}.Debug|x64.Build.0 = Debug|x64
		{31B2C84A-DDDD-41BD-A599-FACB844B89AD}.Debug|x86.ActiveCfg = Debug|Win32
		{31B2C84A-DDDD-41BD-A599-FACB844B89AD}.Debug|x86.Build.0 = Debug|Win32
		{31B2C84A-DDDD-41BD-A599-FACB844B89AD}.Release|x64.ActiveCfg = Release|x64
		{31B2C84A-DDDD-41BD-A599-FACB844B89AD}.Release|x64.Build.0 = Release|x64
		{31B2C84A-DDDD-41BD-A599-FACB844B89AD}.Release|x86.ActiveCfg = Release|Win32
		{31B2C84A-DDDD-41BD-A599-FACB844B89AD}.Release|x86.Build.0 = Release|Win32
		{79F2DCD2-36DB-420A-84DC-A18299A4BFA6}.Debug|x64.ActiveCfg = Debug|x64
		{79F2DCD2-36DB-420A-84DC-A18299A4BFA6}.Debug|x64.Build.0 = Debug|x64
		{79F2DCD2-36DB-420A-84DC-A18299A4BFA6}.Debug|x86.ActiveCfg = Debug|Win32
		{79F2DCD2-36DB-420A-84DC-A18299A4BFA6}.Debug|x86.Build.0 = Debug|Win32
		{79F2DCD2-36DB-420A-84DC-A18299A4BFA6}.Release|x64.ActiveCfg = Release|x64
		{79F2DCD2-36DB-420A-84DC-A18299A4BFA6}.Release|x64.Build.0 = Release|x64
		{79F2DCD2-36DB-420A-84DC-A18299A4BFA6}.Release|x86.ActiveCfg = Release|Win32
		{79F2DCD2-36DB-420A-84DC-A18299A4BFA6}.Release|x86.Build.0 = Release|Win32
		{B11B04E4-CF2D-4E82-938F-0CE52617323E}.Debug|x64.ActiveCfg = Debug|x64
		{B11B04E4-CF2D-4E82-938F-0CE52617323E}.Debug|x64.Build.0 = Debug|x64
		{B11B04E4-CF2D-4E82-938F-0CE52617323E}.Debug|x86.ActiveCfg = Debug|Win32
		{B11B04E4-CF2D-4E82-938F-0CE52617323E}.Debug|x86.Build.0 = Debug|Win32
		{B11B04E4-CF2D-4E82-938F-0CE52617323E}.Release|x64.ActiveCfg = Release|x64
		{B11B04E4-CF2D-4E82-938F-0CE52617323E}.Release|x64.Build.0 = Release|x64
		{B11B04E4-CF2D-4E82-938F-0CE52617323E}.Release|x86.ActiveCfg = Release|Win32
		{B11B04E4-CF2D-4E82-938F-0CE52617323E}.Release|x86.Build.0 = Release|Win32
		{2261774A-02EA-465D-B123-58250EF94130}.Debug|x64.ActiveCfg = Debug|x64
		{2261774A-02EA-465D-B123-58250EF94130}.Debug|x64.Build.0 = Debug|x64
		{2261774A-02EA-465D-B123-58250EF94130}.Debug|x86.ActiveCfg = Debug|Win32
		{2261774A-02EA-465D-B123-58250EF94130}.Debug|x86.Build.0 = Debug|Win32
		{2261774A-02EA-465D-B123-58250EF94130}.Release|x64.ActiveCfg = Release|x64
		{2261774A-02EA-465D-B123-58250EF94130}.Release|x64.Build.0 = Release|x64
		{2261774A-02EA-465D-B123-58250EF94130}.Release|x86.ActiveCfg = Release|Win32
		{2261774A-02EA-465D-B123-58250EF94130}.Release|x86.Build.0 = Release|Win32
		{22D00164-94AD-471C-A8E8-E565EF138D80}.Debug|x64.ActiveCfg = Debug|x64
		{22D00164-94AD-471C-A8E8-E565EF138D80}.Debug|x64.Build.0 = Debug|x64
		{22D00164-94AD-471C-A8E8-E565EF138D80}.Debug|x86.ActiveCfg = Debug|Win32
		{22D00164-94AD-471C-A8E8-E565EF138D80}.Debug|x86.Build.0 = Debug|Win32
		{22D00164-94AD-471C-A8E8-E565EF138D80}.Release|x64.ActiveCfg = Release|x64
		{22D00164-94AD-471C-A8E8-E565EF138D80}.Release|x64.Build.0 = Release|x64
		{22D00164-94AD-471C-A8E8-E565EF138D80}.Release|x86.ActiveCfg = Release|Win32
		{22D00164-94AD-471C-A8E8-E565EF138D80}.Release|x86.Build.0 = Release|Win32
		{6F95623A-6E90-42B5-A6EA-425D6E1F71AD}.Debug|x64.ActiveCfg = Debug|x64
		{6F95623A-6E90-42B5-A6EA-425D6E1F71AD}.Debug|x64.Build.0 = Debug|x64
		{6F95623A-6E90-42B5-A6EA-425D6E1F71AD}.Debug|x86.ActiveCfg = Debug|Win32
		{6F95623A-6E90-42B5-A6EA-425D6E1F71AD}.Debug|x86.Build.0 = Debug|Win32
		{6F95623A-6E90-42B5-A6EA-425D6E1F71AD}.Release|x64.ActiveCfg = Release|x64
		{6F95623A-6E90-42B5-A6EA-425D6E1F71AD}.Release|x64.Build.0 = Release|x64
		{6F95623A-6E90-42B5-A6EA-425D6E1F71AD}.Release|x86.ActiveCfg = Release|Win32
		{6F95623A-6E90-42B5-A6EA-425D6E1F71AD}.Release|x86.Build.0 = Release|Win32
	EndGlobalSection
	GlobalSection(SolutionProperties) = preSolution
		HideSolutionNode = FALSE
	EndGlobalSection
	GlobalSection(ExtensibilityGlobals) = postSolution
		SolutionGuid = {397258E9-2D20-4CA7-8DBC-F11637083CB1}
	EndGlobalSection
EndGlobal
